// !$*UTF8*$!
{
	archiveVersion = 1;
	classes = {
	};
	objectVersion = 46;
	objects = {

/* Begin PBXBuildFile section */
		B26FBB561D54D2360024DB9B /* MarksViewCell.swift in Sources */ = {isa = PBXBuildFile; fileRef = B26FBB551D54D2360024DB9B /* MarksViewCell.swift */; };
		B274AE911D46A5B100E732FD /* AppDelegate.swift in Sources */ = {isa = PBXBuildFile; fileRef = B274AE901D46A5B100E732FD /* AppDelegate.swift */; };
		B274AE9A1D46A5B100E732FD /* Assets.xcassets in Resources */ = {isa = PBXBuildFile; fileRef = B274AE991D46A5B100E732FD /* Assets.xcassets */; };
		B274AE9D1D46A5B100E732FD /* LaunchScreen.storyboard in Resources */ = {isa = PBXBuildFile; fileRef = B274AE9B1D46A5B100E732FD /* LaunchScreen.storyboard */; };
		B274AEA81D46A5B200E732FD /* GradeCalculatorTests.swift in Sources */ = {isa = PBXBuildFile; fileRef = B274AEA71D46A5B200E732FD /* GradeCalculatorTests.swift */; };
		B274AEB31D46A5B200E732FD /* GradeCalculatorUITests.swift in Sources */ = {isa = PBXBuildFile; fileRef = B274AEB21D46A5B200E732FD /* GradeCalculatorUITests.swift */; };
		B274AEC11D46A9ED00E732FD /* CourseTableViewCell.swift in Sources */ = {isa = PBXBuildFile; fileRef = B274AEC01D46A9ED00E732FD /* CourseTableViewCell.swift */; };
		B274AEC31D46AEE500E732FD /* CourseTableViewController.swift in Sources */ = {isa = PBXBuildFile; fileRef = B274AEC21D46AEE500E732FD /* CourseTableViewController.swift */; };
		B274AEC51D46AFB600E732FD /* Course.swift in Sources */ = {isa = PBXBuildFile; fileRef = B274AEC41D46AFB600E732FD /* Course.swift */; };
		B28A7E0F1D5A55C800C2ADEB /* MarksTableViewController.swift in Sources */ = {isa = PBXBuildFile; fileRef = B28A7E0E1D5A55C800C2ADEB /* MarksTableViewController.swift */; };
		B28A7E171D5BA2BE00C2ADEB /* AddProjectViewController.swift in Sources */ = {isa = PBXBuildFile; fileRef = B28A7E161D5BA2BE00C2ADEB /* AddProjectViewController.swift */; };
		B28A7E2E1D61FF0300C2ADEB /* Main.storyboard in Resources */ = {isa = PBXBuildFile; fileRef = B28A7E2D1D61FF0300C2ADEB /* Main.storyboard */; };
		B28A7E331D63852600C2ADEB /* NewCoursesViewController.swift in Sources */ = {isa = PBXBuildFile; fileRef = B28A7E321D63852600C2ADEB /* NewCoursesViewController.swift */; };
/* End PBXBuildFile section */

/* Begin PBXContainerItemProxy section */
		B274AEA41D46A5B200E732FD /* PBXContainerItemProxy */ = {
			isa = PBXContainerItemProxy;
			containerPortal = B274AE851D46A5B100E732FD /* Project object */;
			proxyType = 1;
			remoteGlobalIDString = B274AE8C1D46A5B100E732FD;
			remoteInfo = GradeCalculator;
		};
		B274AEAF1D46A5B200E732FD /* PBXContainerItemProxy */ = {
			isa = PBXContainerItemProxy;
			containerPortal = B274AE851D46A5B100E732FD /* Project object */;
			proxyType = 1;
			remoteGlobalIDString = B274AE8C1D46A5B100E732FD;
			remoteInfo = GradeCalculator;
		};
/* End PBXContainerItemProxy section */

/* Begin PBXFileReference section */
		B26FBB551D54D2360024DB9B /* MarksViewCell.swift */ = {isa = PBXFileReference; fileEncoding = 4; lastKnownFileType = sourcecode.swift; path = MarksViewCell.swift; sourceTree = "<group>"; };
		B274AE8D1D46A5B100E732FD /* GradeCalculator.app */ = {isa = PBXFileReference; explicitFileType = wrapper.application; includeInIndex = 0; path = GradeCalculator.app; sourceTree = BUILT_PRODUCTS_DIR; };
		B274AE901D46A5B100E732FD /* AppDelegate.swift */ = {isa = PBXFileReference; lastKnownFileType = sourcecode.swift; path = AppDelegate.swift; sourceTree = "<group>"; };
		B274AE991D46A5B100E732FD /* Assets.xcassets */ = {isa = PBXFileReference; lastKnownFileType = folder.assetcatalog; path = Assets.xcassets; sourceTree = "<group>"; };
		B274AE9C1D46A5B100E732FD /* Base */ = {isa = PBXFileReference; lastKnownFileType = file.storyboard; name = Base; path = Base.lproj/LaunchScreen.storyboard; sourceTree = "<group>"; };
		B274AE9E1D46A5B100E732FD /* Info.plist */ = {isa = PBXFileReference; lastKnownFileType = text.plist.xml; path = Info.plist; sourceTree = "<group>"; };
		B274AEA31D46A5B200E732FD /* GradeCalculatorTests.xctest */ = {isa = PBXFileReference; explicitFileType = wrapper.cfbundle; includeInIndex = 0; path = GradeCalculatorTests.xctest; sourceTree = BUILT_PRODUCTS_DIR; };
		B274AEA71D46A5B200E732FD /* GradeCalculatorTests.swift */ = {isa = PBXFileReference; lastKnownFileType = sourcecode.swift; path = GradeCalculatorTests.swift; sourceTree = "<group>"; };
		B274AEA91D46A5B200E732FD /* Info.plist */ = {isa = PBXFileReference; lastKnownFileType = text.plist.xml; path = Info.plist; sourceTree = "<group>"; };
		B274AEAE1D46A5B200E732FD /* GradeCalculatorUITests.xctest */ = {isa = PBXFileReference; explicitFileType = wrapper.cfbundle; includeInIndex = 0; path = GradeCalculatorUITests.xctest; sourceTree = BUILT_PRODUCTS_DIR; };
		B274AEB21D46A5B200E732FD /* GradeCalculatorUITests.swift */ = {isa = PBXFileReference; lastKnownFileType = sourcecode.swift; path = GradeCalculatorUITests.swift; sourceTree = "<group>"; };
		B274AEB41D46A5B200E732FD /* Info.plist */ = {isa = PBXFileReference; lastKnownFileType = text.plist.xml; path = Info.plist; sourceTree = "<group>"; };
		B274AEC01D46A9ED00E732FD /* CourseTableViewCell.swift */ = {isa = PBXFileReference; fileEncoding = 4; lastKnownFileType = sourcecode.swift; path = CourseTableViewCell.swift; sourceTree = "<group>"; };
		B274AEC21D46AEE500E732FD /* CourseTableViewController.swift */ = {isa = PBXFileReference; fileEncoding = 4; lastKnownFileType = sourcecode.swift; path = CourseTableViewController.swift; sourceTree = "<group>"; };
		B274AEC41D46AFB600E732FD /* Course.swift */ = {isa = PBXFileReference; fileEncoding = 4; lastKnownFileType = sourcecode.swift; path = Course.swift; sourceTree = "<group>"; };
		B28A7E0E1D5A55C800C2ADEB /* MarksTableViewController.swift */ = {isa = PBXFileReference; fileEncoding = 4; lastKnownFileType = sourcecode.swift; path = MarksTableViewController.swift; sourceTree = "<group>"; };
		B28A7E161D5BA2BE00C2ADEB /* AddProjectViewController.swift */ = {isa = PBXFileReference; fileEncoding = 4; lastKnownFileType = sourcecode.swift; path = AddProjectViewController.swift; sourceTree = "<group>"; };
		B28A7E2D1D61FF0300C2ADEB /* Main.storyboard */ = {isa = PBXFileReference; fileEncoding = 4; lastKnownFileType = file.storyboard; name = Main.storyboard; path = Base.lproj/Main.storyboard; sourceTree = "<group>"; };
		B28A7E321D63852600C2ADEB /* NewCoursesViewController.swift */ = {isa = PBXFileReference; fileEncoding = 4; lastKnownFileType = sourcecode.swift; path = NewCoursesViewController.swift; sourceTree = "<group>"; };
/* End PBXFileReference section */

/* Begin PBXFrameworksBuildPhase section */
		B274AE8A1D46A5B100E732FD /* Frameworks */ = {
			isa = PBXFrameworksBuildPhase;
			buildActionMask = 2147483647;
			files = (
			);
			runOnlyForDeploymentPostprocessing = 0;
		};
		B274AEA01D46A5B200E732FD /* Frameworks */ = {
			isa = PBXFrameworksBuildPhase;
			buildActionMask = 2147483647;
			files = (
			);
			runOnlyForDeploymentPostprocessing = 0;
		};
		B274AEAB1D46A5B200E732FD /* Frameworks */ = {
			isa = PBXFrameworksBuildPhase;
			buildActionMask = 2147483647;
			files = (
			);
			runOnlyForDeploymentPostprocessing = 0;
		};
/* End PBXFrameworksBuildPhase section */

/* Begin PBXGroup section */
		B274AE841D46A5B100E732FD = {
			isa = PBXGroup;
			children = (
				B274AE8F1D46A5B100E732FD /* GradeCalculator */,
				B274AEA61D46A5B200E732FD /* GradeCalculatorTests */,
				B274AEB11D46A5B200E732FD /* GradeCalculatorUITests */,
				B274AE8E1D46A5B100E732FD /* Products */,
			);
			sourceTree = "<group>";
		};
		B274AE8E1D46A5B100E732FD /* Products */ = {
			isa = PBXGroup;
			children = (
				B274AE8D1D46A5B100E732FD /* GradeCalculator.app */,
				B274AEA31D46A5B200E732FD /* GradeCalculatorTests.xctest */,
				B274AEAE1D46A5B200E732FD /* GradeCalculatorUITests.xctest */,
			);
			name = Products;
			sourceTree = "<group>";
		};
		B274AE8F1D46A5B100E732FD /* GradeCalculator */ = {
			isa = PBXGroup;
			children = (
				B28A7E161D5BA2BE00C2ADEB /* AddProjectViewController.swift */,
				B274AE901D46A5B100E732FD /* AppDelegate.swift */,
				B274AEC41D46AFB600E732FD /* Course.swift */,
				B274AEC21D46AEE500E732FD /* CourseTableViewController.swift */,
				B274AEC01D46A9ED00E732FD /* CourseTableViewCell.swift */,
				B26FBB551D54D2360024DB9B /* MarksViewCell.swift */,
				B28A7E0E1D5A55C800C2ADEB /* MarksTableViewController.swift */,
				B28A7E321D63852600C2ADEB /* NewCoursesViewController.swift */,
				B274AE991D46A5B100E732FD /* Assets.xcassets */,
				B28A7E2D1D61FF0300C2ADEB /* Main.storyboard */,
				B274AE9B1D46A5B100E732FD /* LaunchScreen.storyboard */,
				B274AE9E1D46A5B100E732FD /* Info.plist */,
			);
			path = GradeCalculator;
			sourceTree = "<group>";
		};
		B274AEA61D46A5B200E732FD /* GradeCalculatorTests */ = {
			isa = PBXGroup;
			children = (
				B274AEA71D46A5B200E732FD /* GradeCalculatorTests.swift */,
				B274AEA91D46A5B200E732FD /* Info.plist */,
			);
			path = GradeCalculatorTests;
			sourceTree = "<group>";
		};
		B274AEB11D46A5B200E732FD /* GradeCalculatorUITests */ = {
			isa = PBXGroup;
			children = (
				B274AEB21D46A5B200E732FD /* GradeCalculatorUITests.swift */,
				B274AEB41D46A5B200E732FD /* Info.plist */,
			);
			path = GradeCalculatorUITests;
			sourceTree = "<group>";
		};
/* End PBXGroup section */

/* Begin PBXNativeTarget section */
		B274AE8C1D46A5B100E732FD /* GradeCalculator */ = {
			isa = PBXNativeTarget;
			buildConfigurationList = B274AEB71D46A5B200E732FD /* Build configuration list for PBXNativeTarget "GradeCalculator" */;
			buildPhases = (
				B274AE891D46A5B100E732FD /* Sources */,
				B274AE8A1D46A5B100E732FD /* Frameworks */,
				B274AE8B1D46A5B100E732FD /* Resources */,
			);
			buildRules = (
			);
			dependencies = (
			);
			name = GradeCalculator;
			productName = GradeCalculator;
			productReference = B274AE8D1D46A5B100E732FD /* GradeCalculator.app */;
			productType = "com.apple.product-type.application";
		};
		B274AEA21D46A5B200E732FD /* GradeCalculatorTests */ = {
			isa = PBXNativeTarget;
			buildConfigurationList = B274AEBA1D46A5B200E732FD /* Build configuration list for PBXNativeTarget "GradeCalculatorTests" */;
			buildPhases = (
				B274AE9F1D46A5B200E732FD /* Sources */,
				B274AEA01D46A5B200E732FD /* Frameworks */,
				B274AEA11D46A5B200E732FD /* Resources */,
			);
			buildRules = (
			);
			dependencies = (
				B274AEA51D46A5B200E732FD /* PBXTargetDependency */,
			);
			name = GradeCalculatorTests;
			productName = GradeCalculatorTests;
			productReference = B274AEA31D46A5B200E732FD /* GradeCalculatorTests.xctest */;
			productType = "com.apple.product-type.bundle.unit-test";
		};
		B274AEAD1D46A5B200E732FD /* GradeCalculatorUITests */ = {
			isa = PBXNativeTarget;
			buildConfigurationList = B274AEBD1D46A5B200E732FD /* Build configuration list for PBXNativeTarget "GradeCalculatorUITests" */;
			buildPhases = (
				B274AEAA1D46A5B200E732FD /* Sources */,
				B274AEAB1D46A5B200E732FD /* Frameworks */,
				B274AEAC1D46A5B200E732FD /* Resources */,
			);
			buildRules = (
			);
			dependencies = (
				B274AEB01D46A5B200E732FD /* PBXTargetDependency */,
			);
			name = GradeCalculatorUITests;
			productName = GradeCalculatorUITests;
			productReference = B274AEAE1D46A5B200E732FD /* GradeCalculatorUITests.xctest */;
			productType = "com.apple.product-type.bundle.ui-testing";
		};
/* End PBXNativeTarget section */

/* Begin PBXProject section */
		B274AE851D46A5B100E732FD /* Project object */ = {
			isa = PBXProject;
			attributes = {
				LastSwiftUpdateCheck = 0730;
				LastUpgradeCheck = 0730;
				ORGANIZATIONNAME = "Logan Kember";
				TargetAttributes = {
					B274AE8C1D46A5B100E732FD = {
						CreatedOnToolsVersion = 7.3.1;
						DevelopmentTeam = X2RHS589XN;
						LastSwiftMigration = 0800;
					};
					B274AEA21D46A5B200E732FD = {
						CreatedOnToolsVersion = 7.3.1;
						LastSwiftMigration = 0800;
						TestTargetID = B274AE8C1D46A5B100E732FD;
					};
					B274AEAD1D46A5B200E732FD = {
						CreatedOnToolsVersion = 7.3.1;
						LastSwiftMigration = 0800;
						TestTargetID = B274AE8C1D46A5B100E732FD;
					};
				};
			};
			buildConfigurationList = B274AE881D46A5B100E732FD /* Build configuration list for PBXProject "GradeCalculator" */;
			compatibilityVersion = "Xcode 3.2";
			developmentRegion = English;
			hasScannedForEncodings = 0;
			knownRegions = (
				en,
				Base,
			);
			mainGroup = B274AE841D46A5B100E732FD;
			productRefGroup = B274AE8E1D46A5B100E732FD /* Products */;
			projectDirPath = "";
			projectRoot = "";
			targets = (
				B274AE8C1D46A5B100E732FD /* GradeCalculator */,
				B274AEA21D46A5B200E732FD /* GradeCalculatorTests */,
				B274AEAD1D46A5B200E732FD /* GradeCalculatorUITests */,
			);
		};
/* End PBXProject section */

/* Begin PBXResourcesBuildPhase section */
		B274AE8B1D46A5B100E732FD /* Resources */ = {
			isa = PBXResourcesBuildPhase;
			buildActionMask = 2147483647;
			files = (
				B28A7E2E1D61FF0300C2ADEB /* Main.storyboard in Resources */,
				B274AE9D1D46A5B100E732FD /* LaunchScreen.storyboard in Resources */,
				B274AE9A1D46A5B100E732FD /* Assets.xcassets in Resources */,
			);
			runOnlyForDeploymentPostprocessing = 0;
		};
		B274AEA11D46A5B200E732FD /* Resources */ = {
			isa = PBXResourcesBuildPhase;
			buildActionMask = 2147483647;
			files = (
			);
			runOnlyForDeploymentPostprocessing = 0;
		};
		B274AEAC1D46A5B200E732FD /* Resources */ = {
			isa = PBXResourcesBuildPhase;
			buildActionMask = 2147483647;
			files = (
			);
			runOnlyForDeploymentPostprocessing = 0;
		};
/* End PBXResourcesBuildPhase section */

/* Begin PBXSourcesBuildPhase section */
		B274AE891D46A5B100E732FD /* Sources */ = {
			isa = PBXSourcesBuildPhase;
			buildActionMask = 2147483647;
			files = (
				B28A7E171D5BA2BE00C2ADEB /* AddProjectViewController.swift in Sources */,
				B28A7E331D63852600C2ADEB /* NewCoursesViewController.swift in Sources */,
				B274AEC51D46AFB600E732FD /* Course.swift in Sources */,
				B274AEC31D46AEE500E732FD /* CourseTableViewController.swift in Sources */,
				B26FBB561D54D2360024DB9B /* MarksViewCell.swift in Sources */,
				B28A7E0F1D5A55C800C2ADEB /* MarksTableViewController.swift in Sources */,
				B274AEC11D46A9ED00E732FD /* CourseTableViewCell.swift in Sources */,
				B274AE911D46A5B100E732FD /* AppDelegate.swift in Sources */,
			);
			runOnlyForDeploymentPostprocessing = 0;
		};
		B274AE9F1D46A5B200E732FD /* Sources */ = {
			isa = PBXSourcesBuildPhase;
			buildActionMask = 2147483647;
			files = (
				B274AEA81D46A5B200E732FD /* GradeCalculatorTests.swift in Sources */,
			);
			runOnlyForDeploymentPostprocessing = 0;
		};
		B274AEAA1D46A5B200E732FD /* Sources */ = {
			isa = PBXSourcesBuildPhase;
			buildActionMask = 2147483647;
			files = (
				B274AEB31D46A5B200E732FD /* GradeCalculatorUITests.swift in Sources */,
			);
			runOnlyForDeploymentPostprocessing = 0;
		};
/* End PBXSourcesBuildPhase section */

/* Begin PBXTargetDependency section */
		B274AEA51D46A5B200E732FD /* PBXTargetDependency */ = {
			isa = PBXTargetDependency;
			target = B274AE8C1D46A5B100E732FD /* GradeCalculator */;
			targetProxy = B274AEA41D46A5B200E732FD /* PBXContainerItemProxy */;
		};
		B274AEB01D46A5B200E732FD /* PBXTargetDependency */ = {
			isa = PBXTargetDependency;
			target = B274AE8C1D46A5B100E732FD /* GradeCalculator */;
			targetProxy = B274AEAF1D46A5B200E732FD /* PBXContainerItemProxy */;
		};
/* End PBXTargetDependency section */

/* Begin PBXVariantGroup section */
		B274AE9B1D46A5B100E732FD /* LaunchScreen.storyboard */ = {
			isa = PBXVariantGroup;
			children = (
				B274AE9C1D46A5B100E732FD /* Base */,
			);
			name = LaunchScreen.storyboard;
			sourceTree = "<group>";
		};
/* End PBXVariantGroup section */

/* Begin XCBuildConfiguration section */
		B274AEB51D46A5B200E732FD /* Debug */ = {
			isa = XCBuildConfiguration;
			buildSettings = {
				ALWAYS_SEARCH_USER_PATHS = NO;
				CLANG_ANALYZER_NONNULL = YES;
				CLANG_CXX_LANGUAGE_STANDARD = "gnu++0x";
				CLANG_CXX_LIBRARY = "libc++";
				CLANG_ENABLE_MODULES = YES;
				CLANG_ENABLE_OBJC_ARC = YES;
				CLANG_WARN_BOOL_CONVERSION = YES;
				CLANG_WARN_CONSTANT_CONVERSION = YES;
				CLANG_WARN_DIRECT_OBJC_ISA_USAGE = YES_ERROR;
				CLANG_WARN_EMPTY_BODY = YES;
				CLANG_WARN_ENUM_CONVERSION = YES;
				CLANG_WARN_INT_CONVERSION = YES;
				CLANG_WARN_OBJC_ROOT_CLASS = YES_ERROR;
				CLANG_WARN_UNREACHABLE_CODE = YES;
				CLANG_WARN__DUPLICATE_METHOD_MATCH = YES;
				"CODE_SIGN_IDENTITY[sdk=iphoneos*]" = "iPhone Developer";
				COPY_PHASE_STRIP = NO;
				DEBUG_INFORMATION_FORMAT = dwarf;
				ENABLE_STRICT_OBJC_MSGSEND = YES;
				ENABLE_TESTABILITY = YES;
				GCC_C_LANGUAGE_STANDARD = gnu99;
				GCC_DYNAMIC_NO_PIC = NO;
				GCC_NO_COMMON_BLOCKS = YES;
				GCC_OPTIMIZATION_LEVEL = 0;
				GCC_PREPROCESSOR_DEFINITIONS = (
					"DEBUG=1",
					"$(inherited)",
				);
				GCC_WARN_64_TO_32_BIT_CONVERSION = YES;
				GCC_WARN_ABOUT_RETURN_TYPE = YES_ERROR;
				GCC_WARN_UNDECLARED_SELECTOR = YES;
				GCC_WARN_UNINITIALIZED_AUTOS = YES_AGGRESSIVE;
				GCC_WARN_UNUSED_FUNCTION = YES;
				GCC_WARN_UNUSED_VARIABLE = YES;
				IPHONEOS_DEPLOYMENT_TARGET = 9.3;
				MTL_ENABLE_DEBUG_INFO = YES;
				ONLY_ACTIVE_ARCH = YES;
				SDKROOT = iphoneos;
				SWIFT_OPTIMIZATION_LEVEL = "-Onone";
			};
			name = Debug;
		};
		B274AEB61D46A5B200E732FD /* Release */ = {
			isa = XCBuildConfiguration;
			buildSettings = {
				ALWAYS_SEARCH_USER_PATHS = NO;
				CLANG_ANALYZER_NONNULL = YES;
				CLANG_CXX_LANGUAGE_STANDARD = "gnu++0x";
				CLANG_CXX_LIBRARY = "libc++";
				CLANG_ENABLE_MODULES = YES;
				CLANG_ENABLE_OBJC_ARC = YES;
				CLANG_WARN_BOOL_CONVERSION = YES;
				CLANG_WARN_CONSTANT_CONVERSION = YES;
				CLANG_WARN_DIRECT_OBJC_ISA_USAGE = YES_ERROR;
				CLANG_WARN_EMPTY_BODY = YES;
				CLANG_WARN_ENUM_CONVERSION = YES;
				CLANG_WARN_INT_CONVERSION = YES;
				CLANG_WARN_OBJC_ROOT_CLASS = YES_ERROR;
				CLANG_WARN_UNREACHABLE_CODE = YES;
				CLANG_WARN__DUPLICATE_METHOD_MATCH = YES;
				"CODE_SIGN_IDENTITY[sdk=iphoneos*]" = "iPhone Developer";
				COPY_PHASE_STRIP = NO;
				DEBUG_INFORMATION_FORMAT = "dwarf-with-dsym";
				ENABLE_NS_ASSERTIONS = NO;
				ENABLE_STRICT_OBJC_MSGSEND = YES;
				GCC_C_LANGUAGE_STANDARD = gnu99;
				GCC_NO_COMMON_BLOCKS = YES;
				GCC_WARN_64_TO_32_BIT_CONVERSION = YES;
				GCC_WARN_ABOUT_RETURN_TYPE = YES_ERROR;
				GCC_WARN_UNDECLARED_SELECTOR = YES;
				GCC_WARN_UNINITIALIZED_AUTOS = YES_AGGRESSIVE;
				GCC_WARN_UNUSED_FUNCTION = YES;
				GCC_WARN_UNUSED_VARIABLE = YES;
				IPHONEOS_DEPLOYMENT_TARGET = 9.3;
				MTL_ENABLE_DEBUG_INFO = NO;
				SDKROOT = iphoneos;
				VALIDATE_PRODUCT = YES;
			};
			name = Release;
		};
		B274AEB81D46A5B200E732FD /* Debug */ = {
			isa = XCBuildConfiguration;
			buildSettings = {
				ASSETCATALOG_COMPILER_APPICON_NAME = AppIcon;
				DEVELOPMENT_TEAM = X2RHS589XN;
				INFOPLIST_FILE = GradeCalculator/Info.plist;
				IPHONEOS_DEPLOYMENT_TARGET = 9.3;
				LD_RUNPATH_SEARCH_PATHS = "$(inherited) @executable_path/Frameworks";
				PRODUCT_BUNDLE_IDENTIFIER = com.logankember.GradeCalculator;
				PRODUCT_NAME = "$(TARGET_NAME)";
				SWIFT_VERSION = 3.0;
			};
			name = Debug;
		};
		B274AEB91D46A5B200E732FD /* Release */ = {
			isa = XCBuildConfiguration;
			buildSettings = {
				ASSETCATALOG_COMPILER_APPICON_NAME = AppIcon;
				DEVELOPMENT_TEAM = X2RHS589XN;
				INFOPLIST_FILE = GradeCalculator/Info.plist;
				IPHONEOS_DEPLOYMENT_TARGET = 9.3;
				LD_RUNPATH_SEARCH_PATHS = "$(inherited) @executable_path/Frameworks";
				PRODUCT_BUNDLE_IDENTIFIER = com.logankember.GradeCalculator;
				PRODUCT_NAME = "$(TARGET_NAME)";
				SWIFT_VERSION = 3.0;
			};
			name = Release;
		};
		B274AEBB1D46A5B200E732FD /* Debug */ = {
			isa = XCBuildConfiguration;
			buildSettings = {
				BUNDLE_LOADER = "$(TEST_HOST)";
				INFOPLIST_FILE = GradeCalculatorTests/Info.plist;
				LD_RUNPATH_SEARCH_PATHS = "$(inherited) @executable_path/Frameworks @loader_path/Frameworks";
				PRODUCT_BUNDLE_IDENTIFIER = com.logankember.GradeCalculatorTests;
				PRODUCT_NAME = "$(TARGET_NAME)";
				SWIFT_VERSION = 3.0;
				TEST_HOST = "$(BUILT_PRODUCTS_DIR)/GradeCalculator.app/GradeCalculator";
			};
			name = Debug;
		};
		B274AEBC1D46A5B200E732FD /* Release */ = {
			isa = XCBuildConfiguration;
			buildSettings = {
				BUNDLE_LOADER = "$(TEST_HOST)";
				INFOPLIST_FILE = GradeCalculatorTests/Info.plist;
				LD_RUNPATH_SEARCH_PATHS = "$(inherited) @executable_path/Frameworks @loader_path/Frameworks";
				PRODUCT_BUNDLE_IDENTIFIER = com.logankember.GradeCalculatorTests;
				PRODUCT_NAME = "$(TARGET_NAME)";
				SWIFT_VERSION = 3.0;
				TEST_HOST = "$(BUILT_PRODUCTS_DIR)/GradeCalculator.app/GradeCalculator";
			};
			name = Release;
		};
		B274AEBE1D46A5B200E732FD /* Debug */ = {
			isa = XCBuildConfiguration;
			buildSettings = {
				INFOPLIST_FILE = GradeCalculatorUITests/Info.plist;
				LD_RUNPATH_SEARCH_PATHS = "$(inherited) @executable_path/Frameworks @loader_path/Frameworks";
				PRODUCT_BUNDLE_IDENTIFIER = com.logankember.GradeCalculatorUITests;
				PRODUCT_NAME = "$(TARGET_NAME)";
				SWIFT_VERSION = 3.0;
				TEST_TARGET_NAME = GradeCalculator;
			};
			name = Debug;
		};
		B274AEBF1D46A5B200E732FD /* Release */ = {
			isa = XCBuildConfiguration;
			buildSettings = {
				INFOPLIST_FILE = GradeCalculatorUITests/Info.plist;
				LD_RUNPATH_SEARCH_PATHS = "$(inherited) @executable_path/Frameworks @loader_path/Frameworks";
				PRODUCT_BUNDLE_IDENTIFIER = com.logankember.GradeCalculatorUITests;
				PRODUCT_NAME = "$(TARGET_NAME)";
				SWIFT_VERSION = 3.0;
				TEST_TARGET_NAME = GradeCalculator;
			};
			name = Release;
		};
/* End XCBuildConfiguration section */

/* Begin XCConfigurationList section */
		B274AE881D46A5B100E732FD /* Build configuration list for PBXProject "GradeCalculator" */ = {
			isa = XCConfigurationList;
			buildConfigurations = (
				B274AEB51D46A5B200E732FD /* Debug */,
				B274AEB61D46A5B200E732FD /* Release */,
			);
			defaultConfigurationIsVisible = 0;
			defaultConfigurationName = Release;
		};
		B274AEB71D46A5B200E732FD /* Build configuration list for PBXNativeTarget "GradeCalculator" */ = {
			isa = XCConfigurationList;
			buildConfigurations = (
				B274AEB81D46A5B200E732FD /* Debug */,
				B274AEB91D46A5B200E732FD /* Release */,
			);
			defaultConfigurationIsVisible = 0;
			defaultConfigurationName = Release;
		};
		B274AEBA1D46A5B200E732FD /* Build configuration list for PBXNativeTarget "GradeCalculatorTests" */ = {
			isa = XCConfigurationList;
			buildConfigurations = (
				B274AEBB1D46A5B200E732FD /* Debug */,
				B274AEBC1D46A5B200E732FD /* Release */,
			);
			defaultConfigurationIsVisible = 0;
			defaultConfigurationName = Release;
		};
		B274AEBD1D46A5B200E732FD /* Build configuration list for PBXNativeTarget "GradeCalculatorUITests" */ = {
			isa = XCConfigurationList;
			buildConfigurations = (
				B274AEBE1D46A5B200E732FD /* Debug */,
				B274AEBF1D46A5B200E732FD /* Release */,
			);
			defaultConfigurationIsVisible = 0;
			defaultConfigurationName = Release;
		};
/* End XCConfigurationList section */
	};
	rootObject = B274AE851D46A5B100E732FD /* Project object */;
}
